
Microsoft Visual Studio Solution File, Format Version 12.00
# Visual Studio Version 17
VisualStudioVersion = 17.5.002.0
MinimumVisualStudioVersion = 10.0.40219.1
Project("{9A19103F-16F7-4668-BE54-9A1E7A4F7556}") = "Razor-Fun", "Razor-Fun.csproj", "{AC3DF12D-60F8-4F3A-B526-8CC53465CD03}"
EndProject
Global
	GlobalSection(SolutionConfigurationPlatforms) = preSolution
		Debug|Any CPU = Debug|Any CPU
		Release|Any CPU = Release|Any CPU
	EndGlobalSection
	GlobalSection(ProjectConfigurationPlatforms) = postSolution
		{AC3DF12D-60F8-4F3A-B526-8CC53465CD03}.Debug|Any CPU.ActiveCfg = Debug|Any CPU
		{AC3DF12D-60F8-4F3A-B526-8CC53465CD03}.Debug|Any CPU.Build.0 = Debug|Any CPU
		{AC3DF12D-60F8-4F3A-B526-8CC53465CD03}.Release|Any CPU.ActiveCfg = Release|Any CPU
		{AC3DF12D-60F8-4F3A-B526-8CC53465CD03}.Release|Any CPU.Build.0 = Release|Any CPU
	EndGlobalSection
	GlobalSection(SolutionProperties) = preSolution
		HideSolutionNode = FALSE
	EndGlobalSection
	GlobalSection(ExtensibilityGlobals) = postSolution
		SolutionGuid = {EC72121C-84BB-4F89-968E-46F5A36AB350}
	EndGlobalSection
EndGlobal
